{
    "name": "wechat-app-mall",
    "version": "8.3.0",
    "lockfileVersion": 1,
    "requires": true,
    "dependencies": {
        "@vant/weapp": {
            "version": "1.4.4",
            "resolved": "https://registry.npmjs.org/@vant/weapp/-/weapp-1.4.4.tgz",
            "integrity": "sha512-dWwo5y6GZc4XhHfQtgtbA9HFoo9kXJp3whxcNXNfrKnEc+lf1JE/8Tyw/DN7XlgSO5IUeKjg0ak+uFdMG0U3kQ=="
        },
        "apifm-wxapi": {
            "version": "3.13.0",
            "resolved": "https://registry.npmjs.org/apifm-wxapi/-/apifm-wxapi-3.13.0.tgz",
            "integrity": "sha512-21m3tFr0y17U+rKi4clQcssk8Bx0j7SIsilO5rHPqSYsgLfRP1LUur++77efIBNAvJABOE2DgSgqldhOjKnLAw=="
        },
        "wxa-plugin-canvas": {
            "version": "1.1.12",
            "resolved": "https://registry.npmjs.org/wxa-plugin-canvas/-/wxa-plugin-canvas-1.1.12.tgz",
            "integrity": "sha512-iMmGFjXYminWm/yni0n/MprSUReAQpIL9LWLsJfr0Na/pt4Chzs2VbLsEtflZx11qtrDcfM7+1eCgj1ju6TN4w=="
        },
        "wxbarcode": {
            "version": "1.0.2",
            "resolved": "https://registry.npmjs.org/wxbarcode/-/wxbarcode-1.0.2.tgz",
            "integrity": "sha1-zgLjSP8AYwHZIBd21sn1rZATFLU="
        }
    }
}
